// !$*UTF8*$!
{
	archiveVersion = 1;
	classes = {
	};
	objectVersion = 46;
	objects = {

/* Begin PBXBuildFile section */
		C5DB13351AD5D06500CE155D /* AppDelegate.swift in Sources */ = {isa = PBXBuildFile; fileRef = C5DB13341AD5D06500CE155D /* AppDelegate.swift */; };
		C5DB13371AD5D06500CE155D /* ViewController.swift in Sources */ = {isa = PBXBuildFile; fileRef = C5DB13361AD5D06500CE155D /* ViewController.swift */; };
		C5DB133A1AD5D06500CE155D /* Main.storyboard in Resources */ = {isa = PBXBuildFile; fileRef = C5DB13381AD5D06500CE155D /* Main.storyboard */; };
		C5DB133C1AD5D06500CE155D /* Images.xcassets in Resources */ = {isa = PBXBuildFile; fileRef = C5DB133B1AD5D06500CE155D /* Images.xcassets */; };
		C5DB133F1AD5D06500CE155D /* LaunchScreen.xib in Resources */ = {isa = PBXBuildFile; fileRef = C5DB133D1AD5D06500CE155D /* LaunchScreen.xib */; };
		C5DB134B1AD5D06500CE155D /* IntelliH2O__FINAL_Tests.swift in Sources */ = {isa = PBXBuildFile; fileRef = C5DB134A1AD5D06500CE155D /* IntelliH2O__FINAL_Tests.swift */; };
/* End PBXBuildFile section */

/* Begin PBXContainerItemProxy section */
		C5DB13451AD5D06500CE155D /* PBXContainerItemProxy */ = {
			isa = PBXContainerItemProxy;
			containerPortal = C5DB13271AD5D06500CE155D /* Project object */;
			proxyType = 1;
			remoteGlobalIDString = C5DB132E1AD5D06500CE155D;
			remoteInfo = "IntelliH2O (FINAL)";
		};
/* End PBXContainerItemProxy section */

/* Begin PBXFileReference section */
		C5DB132F1AD5D06500CE155D /* IntelliH2O (FINAL).app */ = {isa = PBXFileReference; explicitFileType = wrapper.application; includeInIndex = 0; path = "IntelliH2O (FINAL).app"; sourceTree = BUILT_PRODUCTS_DIR; };
		C5DB13331AD5D06500CE155D /* Info.plist */ = {isa = PBXFileReference; lastKnownFileType = text.plist.xml; path = Info.plist; sourceTree = "<group>"; };
		C5DB13341AD5D06500CE155D /* AppDelegate.swift */ = {isa = PBXFileReference; lastKnownFileType = sourcecode.swift; path = AppDelegate.swift; sourceTree = "<group>"; };
		C5DB13361AD5D06500CE155D /* ViewController.swift */ = {isa = PBXFileReference; lastKnownFileType = sourcecode.swift; path = ViewController.swift; sourceTree = "<group>"; };
		C5DB13391AD5D06500CE155D /* Base */ = {isa = PBXFileReference; lastKnownFileType = file.storyboard; name = Base; path = Base.lproj/Main.storyboard; sourceTree = "<group>"; };
		C5DB133B1AD5D06500CE155D /* Images.xcassets */ = {isa = PBXFileReference; lastKnownFileType = folder.assetcatalog; path = Images.xcassets; sourceTree = "<group>"; };
		C5DB133E1AD5D06500CE155D /* Base */ = {isa = PBXFileReference; lastKnownFileType = file.xib; name = Base; path = Base.lproj/LaunchScreen.xib; sourceTree = "<group>"; };
		C5DB13441AD5D06500CE155D /* IntelliH2O (FINAL)Tests.xctest */ = {isa = PBXFileReference; explicitFileType = wrapper.cfbundle; includeInIndex = 0; path = "IntelliH2O (FINAL)Tests.xctest"; sourceTree = BUILT_PRODUCTS_DIR; };
		C5DB13491AD5D06500CE155D /* Info.plist */ = {isa = PBXFileReference; lastKnownFileType = text.plist.xml; path = Info.plist; sourceTree = "<group>"; };
		C5DB134A1AD5D06500CE155D /* IntelliH2O__FINAL_Tests.swift */ = {isa = PBXFileReference; lastKnownFileType = sourcecode.swift; path = IntelliH2O__FINAL_Tests.swift; sourceTree = "<group>"; };
/* End PBXFileReference section */

/* Begin PBXFrameworksBuildPhase section */
		C5DB132C1AD5D06500CE155D /* Frameworks */ = {
			isa = PBXFrameworksBuildPhase;
			buildActionMask = 2147483647;
			files = (
			);
			runOnlyForDeploymentPostprocessing = 0;
		};
		C5DB13411AD5D06500CE155D /* Frameworks */ = {
			isa = PBXFrameworksBuildPhase;
			buildActionMask = 2147483647;
			files = (
			);
			runOnlyForDeploymentPostprocessing = 0;
		};
/* End PBXFrameworksBuildPhase section */

/* Begin PBXGroup section */
		C5DB13261AD5D06500CE155D = {
			isa = PBXGroup;
			children = (
				C5DB13311AD5D06500CE155D /* IntelliH2O (FINAL) */,
				C5DB13471AD5D06500CE155D /* IntelliH2O (FINAL)Tests */,
				C5DB13301AD5D06500CE155D /* Products */,
			);
			sourceTree = "<group>";
		};
		C5DB13301AD5D06500CE155D /* Products */ = {
			isa = PBXGroup;
			children = (
				C5DB132F1AD5D06500CE155D /* IntelliH2O (FINAL).app */,
				C5DB13441AD5D06500CE155D /* IntelliH2O (FINAL)Tests.xctest */,
			);
			name = Products;
			sourceTree = "<group>";
		};
		C5DB13311AD5D06500CE155D /* IntelliH2O (FINAL) */ = {
			isa = PBXGroup;
			children = (
				C5DB13341AD5D06500CE155D /* AppDelegate.swift */,
				C5DB13361AD5D06500CE155D /* ViewController.swift */,
				C5DB13381AD5D06500CE155D /* Main.storyboard */,
				C5DB133B1AD5D06500CE155D /* Images.xcassets */,
				C5DB133D1AD5D06500CE155D /* LaunchScreen.xib */,
				C5DB13321AD5D06500CE155D /* Supporting Files */,
			);
			path = "IntelliH2O (FINAL)";
			sourceTree = "<group>";
		};
		C5DB13321AD5D06500CE155D /* Supporting Files */ = {
			isa = PBXGroup;
			children = (
				C5DB13331AD5D06500CE155D /* Info.plist */,
			);
			name = "Supporting Files";
			sourceTree = "<group>";
		};
		C5DB13471AD5D06500CE155D /* IntelliH2O (FINAL)Tests */ = {
			isa = PBXGroup;
			children = (
				C5DB134A1AD5D06500CE155D /* IntelliH2O__FINAL_Tests.swift */,
				C5DB13481AD5D06500CE155D /* Supporting Files */,
			);
			path = "IntelliH2O (FINAL)Tests";
			sourceTree = "<group>";
		};
		C5DB13481AD5D06500CE155D /* Supporting Files */ = {
			isa = PBXGroup;
			children = (
				C5DB13491AD5D06500CE155D /* Info.plist */,
			);
			name = "Supporting Files";
			sourceTree = "<group>";
		};
/* End PBXGroup section */

/* Begin PBXNativeTarget section */
		C5DB132E1AD5D06500CE155D /* IntelliH2O (FINAL) */ = {
			isa = PBXNativeTarget;
			buildConfigurationList = C5DB134E1AD5D06500CE155D /* Build configuration list for PBXNativeTarget "IntelliH2O (FINAL)" */;
			buildPhases = (
				C5DB132B1AD5D06500CE155D /* Sources */,
				C5DB132C1AD5D06500CE155D /* Frameworks */,
				C5DB132D1AD5D06500CE155D /* Resources */,
			);
			buildRules = (
			);
			dependencies = (
			);
			name = "IntelliH2O (FINAL)";
			productName = "IntelliH2O (FINAL)";
			productReference = C5DB132F1AD5D06500CE155D /* IntelliH2O (FINAL).app */;
			productType = "com.apple.product-type.application";
		};
		C5DB13431AD5D06500CE155D /* IntelliH2O (FINAL)Tests */ = {
			isa = PBXNativeTarget;
			buildConfigurationList = C5DB13511AD5D06500CE155D /* Build configuration list for PBXNativeTarget "IntelliH2O (FINAL)Tests" */;
			buildPhases = (
				C5DB13401AD5D06500CE155D /* Sources */,
				C5DB13411AD5D06500CE155D /* Frameworks */,
				C5DB13421AD5D06500CE155D /* Resources */,
			);
			buildRules = (
			);
			dependencies = (
				C5DB13461AD5D06500CE155D /* PBXTargetDependency */,
			);
			name = "IntelliH2O (FINAL)Tests";
			productName = "IntelliH2O (FINAL)Tests";
			productReference = C5DB13441AD5D06500CE155D /* IntelliH2O (FINAL)Tests.xctest */;
			productType = "com.apple.product-type.bundle.unit-test";
		};
/* End PBXNativeTarget section */

/* Begin PBXProject section */
		C5DB13271AD5D06500CE155D /* Project object */ = {
			isa = PBXProject;
			attributes = {
				LastUpgradeCheck = 0620;
				ORGANIZATIONNAME = "IntelliNinja Productions";
				TargetAttributes = {
					C5DB132E1AD5D06500CE155D = {
						CreatedOnToolsVersion = 6.2;
					};
					C5DB13431AD5D06500CE155D = {
						CreatedOnToolsVersion = 6.2;
						TestTargetID = C5DB132E1AD5D06500CE155D;
					};
				};
			};
			buildConfigurationList = C5DB132A1AD5D06500CE155D /* Build configuration list for PBXProject "IntelliH2O (FINAL)" */;
			compatibilityVersion = "Xcode 3.2";
			developmentRegion = English;
			hasScannedForEncodings = 0;
			knownRegions = (
				en,
				Base,
			);
			mainGroup = C5DB13261AD5D06500CE155D;
			productRefGroup = C5DB13301AD5D06500CE155D /* Products */;
			projectDirPath = "";
			projectRoot = "";
			targets = (
				C5DB132E1AD5D06500CE155D /* IntelliH2O (FINAL) */,
				C5DB13431AD5D06500CE155D /* IntelliH2O (FINAL)Tests */,
			);
		};
/* End PBXProject section */

/* Begin PBXResourcesBuildPhase section */
		C5DB132D1AD5D06500CE155D /* Resources */ = {
			isa = PBXResourcesBuildPhase;
			buildActionMask = 2147483647;
			files = (
				C5DB133A1AD5D06500CE155D /* Main.storyboard in Resources */,
				C5DB133F1AD5D06500CE155D /* LaunchScreen.xib in Resources */,
				C5DB133C1AD5D06500CE155D /* Images.xcassets in Resources */,
			);
			runOnlyForDeploymentPostprocessing = 0;
		};
		C5DB13421AD5D06500CE155D /* Resources */ = {
			isa = PBXResourcesBuildPhase;
			buildActionMask = 2147483647;
			files = (
			);
			runOnlyForDeploymentPostprocessing = 0;
		};
/* End PBXResourcesBuildPhase section */

/* Begin PBXSourcesBuildPhase section */
		C5DB132B1AD5D06500CE155D /* Sources */ = {
			isa = PBXSourcesBuildPhase;
			buildActionMask = 2147483647;
			files = (
				C5DB13371AD5D06500CE155D /* ViewController.swift in Sources */,
				C5DB13351AD5D06500CE155D /* AppDelegate.swift in Sources */,
			);
			runOnlyForDeploymentPostprocessing = 0;
		};
		C5DB13401AD5D06500CE155D /* Sources */ = {
			isa = PBXSourcesBuildPhase;
			buildActionMask = 2147483647;
			files = (
				C5DB134B1AD5D06500CE155D /* IntelliH2O__FINAL_Tests.swift in Sources */,
			);
			runOnlyForDeploymentPostprocessing = 0;
		};
/* End PBXSourcesBuildPhase section */

/* Begin PBXTargetDependency section */
		C5DB13461AD5D06500CE155D /* PBXTargetDependency */ = {
			isa = PBXTargetDependency;
			target = C5DB132E1AD5D06500CE155D /* IntelliH2O (FINAL) */;
			targetProxy = C5DB13451AD5D06500CE155D /* PBXContainerItemProxy */;
		};
/* End PBXTargetDependency section */

/* Begin PBXVariantGroup section */
		C5DB13381AD5D06500CE155D /* Main.storyboard */ = {
			isa = PBXVariantGroup;
			children = (
				C5DB13391AD5D06500CE155D /* Base */,
			);
			name = Main.storyboard;
			sourceTree = "<group>";
		};
		C5DB133D1AD5D06500CE155D /* LaunchScreen.xib */ = {
			isa = PBXVariantGroup;
			children = (
				C5DB133E1AD5D06500CE155D /* Base */,
			);
			name = LaunchScreen.xib;
			sourceTree = "<group>";
		};
/* End PBXVariantGroup section */

/* Begin XCBuildConfiguration section */
		C5DB134C1AD5D06500CE155D /* Debug */ = {
			isa = XCBuildConfiguration;
			buildSettings = {
				ALWAYS_SEARCH_USER_PATHS = NO;
				CLANG_CXX_LANGUAGE_STANDARD = "gnu++0x";
				CLANG_CXX_LIBRARY = "libc++";
				CLANG_ENABLE_MODULES = YES;
				CLANG_ENABLE_OBJC_ARC = YES;
				CLANG_WARN_BOOL_CONVERSION = YES;
				CLANG_WARN_CONSTANT_CONVERSION = YES;
				CLANG_WARN_DIRECT_OBJC_ISA_USAGE = YES_ERROR;
				CLANG_WARN_EMPTY_BODY = YES;
				CLANG_WARN_ENUM_CONVERSION = YES;
				CLANG_WARN_INT_CONVERSION = YES;
				CLANG_WARN_OBJC_ROOT_CLASS = YES_ERROR;
				CLANG_WARN_UNREACHABLE_CODE = YES;
				CLANG_WARN__DUPLICATE_METHOD_MATCH = YES;
				"CODE_SIGN_IDENTITY[sdk=iphoneos*]" = "iPhone Developer";
				COPY_PHASE_STRIP = NO;
				ENABLE_STRICT_OBJC_MSGSEND = YES;
				GCC_C_LANGUAGE_STANDARD = gnu99;
				GCC_DYNAMIC_NO_PIC = NO;
				GCC_OPTIMIZATION_LEVEL = 0;
				GCC_PREPROCESSOR_DEFINITIONS = (
					"DEBUG=1",
					"$(inherited)",
				);
				GCC_SYMBOLS_PRIVATE_EXTERN = NO;
				GCC_WARN_64_TO_32_BIT_CONVERSION = YES;
				GCC_WARN_ABOUT_RETURN_TYPE = YES_ERROR;
				GCC_WARN_UNDECLARED_SELECTOR = YES;
				GCC_WARN_UNINITIALIZED_AUTOS = YES_AGGRESSIVE;
				GCC_WARN_UNUSED_FUNCTION = YES;
				GCC_WARN_UNUSED_VARIABLE = YES;
				IPHONEOS_DEPLOYMENT_TARGET = 8.2;
				MTL_ENABLE_DEBUG_INFO = YES;
				ONLY_ACTIVE_ARCH = YES;
				SDKROOT = iphoneos;
				SWIFT_OPTIMIZATION_LEVEL = "-Onone";
			};
			name = Debug;
		};
		C5DB134D1AD5D06500CE155D /* Release */ = {
			isa = XCBuildConfiguration;
			buildSettings = {
				ALWAYS_SEARCH_USER_PATHS = NO;
				CLANG_CXX_LANGUAGE_STANDARD = "gnu++0x";
				CLANG_CXX_LIBRARY = "libc++";
				CLANG_ENABLE_MODULES = YES;
				CLANG_ENABLE_OBJC_ARC = YES;
				CLANG_WARN_BOOL_CONVERSION = YES;
				CLANG_WARN_CONSTANT_CONVERSION = YES;
				CLANG_WARN_DIRECT_OBJC_ISA_USAGE = YES_ERROR;
				CLANG_WARN_EMPTY_BODY = YES;
				CLANG_WARN_ENUM_CONVERSION = YES;
				CLANG_WARN_INT_CONVERSION = YES;
				CLANG_WARN_OBJC_ROOT_CLASS = YES_ERROR;
				CLANG_WARN_UNREACHABLE_CODE = YES;
				CLANG_WARN__DUPLICATE_METHOD_MATCH = YES;
				"CODE_SIGN_IDENTITY[sdk=iphoneos*]" = "iPhone Developer";
				COPY_PHASE_STRIP = NO;
				ENABLE_NS_ASSERTIONS = NO;
				ENABLE_STRICT_OBJC_MSGSEND = YES;
				GCC_C_LANGUAGE_STANDARD = gnu99;
				GCC_WARN_64_TO_32_BIT_CONVERSION = YES;
				GCC_WARN_ABOUT_RETURN_TYPE = YES_ERROR;
				GCC_WARN_UNDECLARED_SELECTOR = YES;
				GCC_WARN_UNINITIALIZED_AUTOS = YES_AGGRESSIVE;
				GCC_WARN_UNUSED_FUNCTION = YES;
				GCC_WARN_UNUSED_VARIABLE = YES;
				IPHONEOS_DEPLOYMENT_TARGET = 8.2;
				MTL_ENABLE_DEBUG_INFO = NO;
				SDKROOT = iphoneos;
				VALIDATE_PRODUCT = YES;
			};
			name = Release;
		};
		C5DB134F1AD5D06500CE155D /* Debug */ = {
			isa = XCBuildConfiguration;
			buildSettings = {
				ASSETCATALOG_COMPILER_APPICON_NAME = AppIcon;
				INFOPLIST_FILE = "IntelliH2O (FINAL)/Info.plist";
				LD_RUNPATH_SEARCH_PATHS = "$(inherited) @executable_path/Frameworks";
				PRODUCT_NAME = "$(TARGET_NAME)";
			};
			name = Debug;
		};
		C5DB13501AD5D06500CE155D /* Release */ = {
			isa = XCBuildConfiguration;
			buildSettings = {
				ASSETCATALOG_COMPILER_APPICON_NAME = AppIcon;
				INFOPLIST_FILE = "IntelliH2O (FINAL)/Info.plist";
				LD_RUNPATH_SEARCH_PATHS = "$(inherited) @executable_path/Frameworks";
				PRODUCT_NAME = "$(TARGET_NAME)";
			};
			name = Release;
		};
		C5DB13521AD5D06500CE155D /* Debug */ = {
			isa = XCBuildConfiguration;
			buildSettings = {
				BUNDLE_LOADER = "$(TEST_HOST)";
				FRAMEWORK_SEARCH_PATHS = (
					"$(SDKROOT)/Developer/Library/Frameworks",
					"$(inherited)",
				);
				GCC_PREPROCESSOR_DEFINITIONS = (
					"DEBUG=1",
					"$(inherited)",
				);
				INFOPLIST_FILE = "IntelliH2O (FINAL)Tests/Info.plist";
				LD_RUNPATH_SEARCH_PATHS = "$(inherited) @executable_path/Frameworks @loader_path/Frameworks";
				PRODUCT_NAME = "$(TARGET_NAME)";
				TEST_HOST = "$(BUILT_PRODUCTS_DIR)/IntelliH2O (FINAL).app/IntelliH2O (FINAL)";
			};
			name = Debug;
		};
		C5DB13531AD5D06500CE155D /* Release */ = {
			isa = XCBuildConfiguration;
			buildSettings = {
				BUNDLE_LOADER = "$(TEST_HOST)";
				FRAMEWORK_SEARCH_PATHS = (
					"$(SDKROOT)/Developer/Library/Frameworks",
					"$(inherited)",
				);
				INFOPLIST_FILE = "IntelliH2O (FINAL)Tests/Info.plist";
				LD_RUNPATH_SEARCH_PATHS = "$(inherited) @executable_path/Frameworks @loader_path/Frameworks";
				PRODUCT_NAME = "$(TARGET_NAME)";
				TEST_HOST = "$(BUILT_PRODUCTS_DIR)/IntelliH2O (FINAL).app/IntelliH2O (FINAL)";
			};
			name = Release;
		};
/* End XCBuildConfiguration section */

/* Begin XCConfigurationList section */
		C5DB132A1AD5D06500CE155D /* Build configuration list for PBXProject "IntelliH2O (FINAL)" */ = {
			isa = XCConfigurationList;
			buildConfigurations = (
				C5DB134C1AD5D06500CE155D /* Debug */,
				C5DB134D1AD5D06500CE155D /* Release */,
			);
			defaultConfigurationIsVisible = 0;
			defaultConfigurationName = Release;
		};
		C5DB134E1AD5D06500CE155D /* Build configuration list for PBXNativeTarget "IntelliH2O (FINAL)" */ = {
			isa = XCConfigurationList;
			buildConfigurations = (
				C5DB134F1AD5D06500CE155D /* Debug */,
				C5DB13501AD5D06500CE155D /* Release */,
			);
			defaultConfigurationIsVisible = 0;
		};
		C5DB13511AD5D06500CE155D /* Build configuration list for PBXNativeTarget "IntelliH2O (FINAL)Tests" */ = {
			isa = XCConfigurationList;
			buildConfigurations = (
				C5DB13521AD5D06500CE155D /* Debug */,
				C5DB13531AD5D06500CE155D /* Release */,
			);
			defaultConfigurationIsVisible = 0;
		};
/* End XCConfigurationList section */
	};
	rootObject = C5DB13271AD5D06500CE155D /* Project object */;
}
